
Microsoft Visual Studio Solution File, Format Version 12.00
# Visual Studio Version 16
VisualStudioVersion = 16.0.31424.327
MinimumVisualStudioVersion = 10.0.40219.1
Project("{FAE04EC0-301F-11D3-BF4B-00C04F79EFBC}") = "FilmCatalog", "FilmCatalog\FilmCatalog.csproj", "{C9795934-90A6-4371-BB98-12FFF25E51D1}"
EndProject
Global
	GlobalSection(SolutionConfigurationPlatforms) = preSolution
		Debug|Any CPU = Debug|Any CPU
		Release|Any CPU = Release|Any CPU
	EndGlobalSection
	GlobalSection(ProjectConfigurationPlatforms) = postSolution
		{C9795934-90A6-4371-BB98-12FFF25E51D1}.Debug|Any CPU.ActiveCfg = Debug|Any CPU
		{C9795934-90A6-4371-BB98-12FFF25E51D1}.Debug|Any CPU.Build.0 = Debug|Any CPU
		{C9795934-90A6-4371-BB98-12FFF25E51D1}.Release|Any CPU.ActiveCfg = Release|Any CPU
		{C9795934-90A6-4371-BB98-12FFF25E51D1}.Release|Any CPU.Build.0 = Release|Any CPU
	EndGlobalSection
	GlobalSection(SolutionProperties) = preSolution
		HideSolutionNode = FALSE
	EndGlobalSection
	GlobalSection(ExtensibilityGlobals) = postSolution
		SolutionGuid = {90A5B6EB-DE5E-4473-98D5-965FC1808693}
	EndGlobalSection
EndGlobal
